
Microsoft Visual Studio Solution File, Format Version 11.00
# Visual Studio 2010
Project("{FAE04EC0-301F-11D3-BF4B-00C04F79EFBC}") = "ColorClock", "ColorClock.csproj", "{D84EBB81-02DB-47A2-A1E5-F5D7FD57FAE0}"
EndProject
Global
	GlobalSection(SolutionConfigurationPlatforms) = preSolution
		Debug|x86 = Debug|x86
		Release|x86 = Release|x86
	EndGlobalSection
	GlobalSection(ProjectConfigurationPlatforms) = postSolution
		{D84EBB81-02DB-47A2-A1E5-F5D7FD57FAE0}.Debug|x86.ActiveCfg = Debug|x86
		{D84EBB81-02DB-47A2-A1E5-F5D7FD57FAE0}.Debug|x86.Build.0 = Debug|x86
		{D84EBB81-02DB-47A2-A1E5-F5D7FD57FAE0}.Release|x86.ActiveCfg = Release|x86
		{D84EBB81-02DB-47A2-A1E5-F5D7FD57FAE0}.Release|x86.Build.0 = Release|x86
	EndGlobalSection
	GlobalSection(SolutionProperties) = preSolution
		HideSolutionNode = FALSE
	EndGlobalSection
EndGlobal
